
Microsoft Visual Studio Solution File, Format Version 12.00
# Visual Studio Version 16
VisualStudioVersion = 16.0.30907.101
MinimumVisualStudioVersion = 10.0.40219.1
Project("{FAE04EC0-301F-11D3-BF4B-00C04F79EFBC}") = "RestSharpTests", "RestSharpTests.csproj", "{6715B993-FE9B-4131-9918-A9E0911437DF}"
EndProject
Global
	GlobalSection(SolutionConfigurationPlatforms) = preSolution
		Debug|Any CPU = Debug|Any CPU
		Release|Any CPU = Release|Any CPU
	EndGlobalSection
	GlobalSection(ProjectConfigurationPlatforms) = postSolution
		{6715B993-FE9B-4131-9918-A9E0911437DF}.Debug|Any CPU.ActiveCfg = Debug|Any CPU
		{6715B993-FE9B-4131-9918-A9E0911437DF}.Debug|Any CPU.Build.0 = Debug|Any CPU
		{6715B993-FE9B-4131-9918-A9E0911437DF}.Release|Any CPU.ActiveCfg = Release|Any CPU
		{6715B993-FE9B-4131-9918-A9E0911437DF}.Release|Any CPU.Build.0 = Release|Any CPU
	EndGlobalSection
	GlobalSection(SolutionProperties) = preSolution
		HideSolutionNode = FALSE
	EndGlobalSection
	GlobalSection(ExtensibilityGlobals) = postSolution
		SolutionGuid = {FD6E52F6-0752-40EE-863B-283A0EF6842B}
	EndGlobalSection
EndGlobal
